
Microsoft Visual Studio Solution File, Format Version 12.00
# Visual Studio 15
VisualStudioVersion = 15.0.26124.0
MinimumVisualStudioVersion = 15.0.26124.0
Project("{FAE04EC0-301F-11D3-BF4B-00C04F79EFBC}") = "API", "api\API.csproj", "{691B50DE-A104-4726-BF33-EDC0CEDEF46B}"
EndProject
Project("{FAE04EC0-301F-11D3-BF4B-00C04F79EFBC}") = "Persistence", "Persistence\Persistence.csproj", "{27B0F657-602C-45FE-96CA-1B9F6EF6FE2E}"
EndProject
Project("{FAE04EC0-301F-11D3-BF4B-00C04F79EFBC}") = "Domain", "Domain\Domain.csproj", "{41792C02-9306-47F7-902A-E9F145FDB915}"
EndProject
Project("{FAE04EC0-301F-11D3-BF4B-00C04F79EFBC}") = "Application", "Application\Application.csproj", "{F052AA4A-56E5-4CA4-B4D4-8159E9EB7C8C}"
EndProject
Global
	GlobalSection(SolutionConfigurationPlatforms) = preSolution
		Debug|Any CPU = Debug|Any CPU
		Debug|x64 = Debug|x64
		Debug|x86 = Debug|x86
		Release|Any CPU = Release|Any CPU
		Release|x64 = Release|x64
		Release|x86 = Release|x86
	EndGlobalSection
	GlobalSection(SolutionProperties) = preSolution
		HideSolutionNode = FALSE
	EndGlobalSection
	GlobalSection(ProjectConfigurationPlatforms) = postSolution
		{691B50DE-A104-4726-BF33-EDC0CEDEF46B}.Debug|Any CPU.ActiveCfg = Debug|Any CPU
		{691B50DE-A104-4726-BF33-EDC0CEDEF46B}.Debug|Any CPU.Build.0 = Debug|Any CPU
		{691B50DE-A104-4726-BF33-EDC0CEDEF46B}.Debug|x64.ActiveCfg = Debug|Any CPU
		{691B50DE-A104-4726-BF33-EDC0CEDEF46B}.Debug|x64.Build.0 = Debug|Any CPU
		{691B50DE-A104-4726-BF33-EDC0CEDEF46B}.Debug|x86.ActiveCfg = Debug|Any CPU
		{691B50DE-A104-4726-BF33-EDC0CEDEF46B}.Debug|x86.Build.0 = Debug|Any CPU
		{691B50DE-A104-4726-BF33-EDC0CEDEF46B}.Release|Any CPU.ActiveCfg = Release|Any CPU
		{691B50DE-A104-4726-BF33-EDC0CEDEF46B}.Release|Any CPU.Build.0 = Release|Any CPU
		{691B50DE-A104-4726-BF33-EDC0CEDEF46B}.Release|x64.ActiveCfg = Release|Any CPU
		{691B50DE-A104-4726-BF33-EDC0CEDEF46B}.Release|x64.Build.0 = Release|Any CPU
		{691B50DE-A104-4726-BF33-EDC0CEDEF46B}.Release|x86.ActiveCfg = Release|Any CPU
		{691B50DE-A104-4726-BF33-EDC0CEDEF46B}.Release|x86.Build.0 = Release|Any CPU
		{27B0F657-602C-45FE-96CA-1B9F6EF6FE2E}.Debug|Any CPU.ActiveCfg = Debug|Any CPU
		{27B0F657-602C-45FE-96CA-1B9F6EF6FE2E}.Debug|Any CPU.Build.0 = Debug|Any CPU
		{27B0F657-602C-45FE-96CA-1B9F6EF6FE2E}.Debug|x64.ActiveCfg = Debug|Any CPU
		{27B0F657-602C-45FE-96CA-1B9F6EF6FE2E}.Debug|x64.Build.0 = Debug|Any CPU
		{27B0F657-602C-45FE-96CA-1B9F6EF6FE2E}.Debug|x86.ActiveCfg = Debug|Any CPU
		{27B0F657-602C-45FE-96CA-1B9F6EF6FE2E}.Debug|x86.Build.0 = Debug|Any CPU
		{27B0F657-602C-45FE-96CA-1B9F6EF6FE2E}.Release|Any CPU.ActiveCfg = Release|Any CPU
		{27B0F657-602C-45FE-96CA-1B9F6EF6FE2E}.Release|Any CPU.Build.0 = Release|Any CPU
		{27B0F657-602C-45FE-96CA-1B9F6EF6FE2E}.Release|x64.ActiveCfg = Release|Any CPU
		{27B0F657-602C-45FE-96CA-1B9F6EF6FE2E}.Release|x64.Build.0 = Release|Any CPU
		{27B0F657-602C-45FE-96CA-1B9F6EF6FE2E}.Release|x86.ActiveCfg = Release|Any CPU
		{27B0F657-602C-45FE-96CA-1B9F6EF6FE2E}.Release|x86.Build.0 = Release|Any CPU
		{41792C02-9306-47F7-902A-E9F145FDB915}.Debug|Any CPU.ActiveCfg = Debug|Any CPU
		{41792C02-9306-47F7-902A-E9F145FDB915}.Debug|Any CPU.Build.0 = Debug|Any CPU
		{41792C02-9306-47F7-902A-E9F145FDB915}.Debug|x64.ActiveCfg = Debug|Any CPU
		{41792C02-9306-47F7-902A-E9F145FDB915}.Debug|x64.Build.0 = Debug|Any CPU
		{41792C02-9306-47F7-902A-E9F145FDB915}.Debug|x86.ActiveCfg = Debug|Any CPU
		{41792C02-9306-47F7-902A-E9F145FDB915}.Debug|x86.Build.0 = Debug|Any CPU
		{41792C02-9306-47F7-902A-E9F145FDB915}.Release|Any CPU.ActiveCfg = Release|Any CPU
		{41792C02-9306-47F7-902A-E9F145FDB915}.Release|Any CPU.Build.0 = Release|Any CPU
		{41792C02-9306-47F7-902A-E9F145FDB915}.Release|x64.ActiveCfg = Release|Any CPU
		{41792C02-9306-47F7-902A-E9F145FDB915}.Release|x64.Build.0 = Release|Any CPU
		{41792C02-9306-47F7-902A-E9F145FDB915}.Release|x86.ActiveCfg = Release|Any CPU
		{41792C02-9306-47F7-902A-E9F145FDB915}.Release|x86.Build.0 = Release|Any CPU
		{F052AA4A-56E5-4CA4-B4D4-8159E9EB7C8C}.Debug|Any CPU.ActiveCfg = Debug|Any CPU
		{F052AA4A-56E5-4CA4-B4D4-8159E9EB7C8C}.Debug|Any CPU.Build.0 = Debug|Any CPU
		{F052AA4A-56E5-4CA4-B4D4-8159E9EB7C8C}.Debug|x64.ActiveCfg = Debug|Any CPU
		{F052AA4A-56E5-4CA4-B4D4-8159E9EB7C8C}.Debug|x64.Build.0 = Debug|Any CPU
		{F052AA4A-56E5-4CA4-B4D4-8159E9EB7C8C}.Debug|x86.ActiveCfg = Debug|Any CPU
		{F052AA4A-56E5-4CA4-B4D4-8159E9EB7C8C}.Debug|x86.Build.0 = Debug|Any CPU
		{F052AA4A-56E5-4CA4-B4D4-8159E9EB7C8C}.Release|Any CPU.ActiveCfg = Release|Any CPU
		{F052AA4A-56E5-4CA4-B4D4-8159E9EB7C8C}.Release|Any CPU.Build.0 = Release|Any CPU
		{F052AA4A-56E5-4CA4-B4D4-8159E9EB7C8C}.Release|x64.ActiveCfg = Release|Any CPU
		{F052AA4A-56E5-4CA4-B4D4-8159E9EB7C8C}.Release|x64.Build.0 = Release|Any CPU
		{F052AA4A-56E5-4CA4-B4D4-8159E9EB7C8C}.Release|x86.ActiveCfg = Release|Any CPU
		{F052AA4A-56E5-4CA4-B4D4-8159E9EB7C8C}.Release|x86.Build.0 = Release|Any CPU
	EndGlobalSection
EndGlobal
